// !$*UTF8*$!
{
	archiveVersion = 1;
	classes = {
	};
	objectVersion = 50;
	objects = {

/* Begin PBXBuildFile section */
		816555D7C1C53811C2D66620 /* Pods_CombineTestProject.framework in Frameworks */ = {isa = PBXBuildFile; fileRef = BB21D41D547EEC9ABC951CAF /* Pods_CombineTestProject.framework */; };
		DD2D508622F80A6400DA8FF8 /* MVVMSampleVM.swift in Sources */ = {isa = PBXBuildFile; fileRef = DD2D508522F80A6400DA8FF8 /* MVVMSampleVM.swift */; };
		DD2D508822F80A7A00DA8FF8 /* MVVMSampleVC.swift in Sources */ = {isa = PBXBuildFile; fileRef = DD2D508722F80A7A00DA8FF8 /* MVVMSampleVC.swift */; };
		DD33AA5F22F1CF270019819B /* AppDelegate.swift in Sources */ = {isa = PBXBuildFile; fileRef = DD33AA5E22F1CF270019819B /* AppDelegate.swift */; };
		DD33AA6122F1CF270019819B /* SceneDelegate.swift in Sources */ = {isa = PBXBuildFile; fileRef = DD33AA6022F1CF270019819B /* SceneDelegate.swift */; };
		DD33AA6322F1CF270019819B /* ViewController.swift in Sources */ = {isa = PBXBuildFile; fileRef = DD33AA6222F1CF270019819B /* ViewController.swift */; };
		DD33AA6622F1CF270019819B /* Main.storyboard in Resources */ = {isa = PBXBuildFile; fileRef = DD33AA6422F1CF270019819B /* Main.storyboard */; };
		DD33AA6822F1CF280019819B /* Assets.xcassets in Resources */ = {isa = PBXBuildFile; fileRef = DD33AA6722F1CF280019819B /* Assets.xcassets */; };
		DD33AA6B22F1CF280019819B /* LaunchScreen.storyboard in Resources */ = {isa = PBXBuildFile; fileRef = DD33AA6922F1CF280019819B /* LaunchScreen.storyboard */; };
		DD33AA7322F2FC3F0019819B /* NetworkAPI.swift in Sources */ = {isa = PBXBuildFile; fileRef = DD33AA7222F2FC3F0019819B /* NetworkAPI.swift */; };
		DD33AA7822F2FC8B0019819B /* APIConfig.swift in Sources */ = {isa = PBXBuildFile; fileRef = DD33AA7722F2FC8B0019819B /* APIConfig.swift */; };
		DD33AA7B22F304080019819B /* CombineLatestVC.swift in Sources */ = {isa = PBXBuildFile; fileRef = DD33AA7A22F304080019819B /* CombineLatestVC.swift */; };
		DD33AA7D22F376BE0019819B /* FindUserServiceAPI.swift in Sources */ = {isa = PBXBuildFile; fileRef = DD33AA7C22F376BE0019819B /* FindUserServiceAPI.swift */; };
		DD33AA7F22F37AB70019819B /* SignUpUserViewController.swift in Sources */ = {isa = PBXBuildFile; fileRef = DD33AA7E22F37AB70019819B /* SignUpUserViewController.swift */; };
		DD33AA8122F37ADD0019819B /* SignUpViewModel.swift in Sources */ = {isa = PBXBuildFile; fileRef = DD33AA8022F37ADD0019819B /* SignUpViewModel.swift */; };
		DD33AA8422F380260019819B /* FindUserModel.swift in Sources */ = {isa = PBXBuildFile; fileRef = DD33AA8322F380260019819B /* FindUserModel.swift */; };
/* End PBXBuildFile section */

/* Begin PBXFileReference section */
		33A497D2C45F7D496F777EB5 /* Pods-CombineTestProject.debug.xcconfig */ = {isa = PBXFileReference; includeInIndex = 1; lastKnownFileType = text.xcconfig; name = "Pods-CombineTestProject.debug.xcconfig"; path = "Pods/Target Support Files/Pods-CombineTestProject/Pods-CombineTestProject.debug.xcconfig"; sourceTree = "<group>"; };
		5386D674CE6ABD0F92D60834 /* Pods-CombineTestProject.release.xcconfig */ = {isa = PBXFileReference; includeInIndex = 1; lastKnownFileType = text.xcconfig; name = "Pods-CombineTestProject.release.xcconfig"; path = "Pods/Target Support Files/Pods-CombineTestProject/Pods-CombineTestProject.release.xcconfig"; sourceTree = "<group>"; };
		BB21D41D547EEC9ABC951CAF /* Pods_CombineTestProject.framework */ = {isa = PBXFileReference; explicitFileType = wrapper.framework; includeInIndex = 0; path = Pods_CombineTestProject.framework; sourceTree = BUILT_PRODUCTS_DIR; };
		DD2D508522F80A6400DA8FF8 /* MVVMSampleVM.swift */ = {isa = PBXFileReference; lastKnownFileType = sourcecode.swift; path = MVVMSampleVM.swift; sourceTree = "<group>"; };
		DD2D508722F80A7A00DA8FF8 /* MVVMSampleVC.swift */ = {isa = PBXFileReference; lastKnownFileType = sourcecode.swift; path = MVVMSampleVC.swift; sourceTree = "<group>"; };
		DD33AA5B22F1CF270019819B /* CombineTestProject.app */ = {isa = PBXFileReference; explicitFileType = wrapper.application; includeInIndex = 0; path = CombineTestProject.app; sourceTree = BUILT_PRODUCTS_DIR; };
		DD33AA5E22F1CF270019819B /* AppDelegate.swift */ = {isa = PBXFileReference; lastKnownFileType = sourcecode.swift; path = AppDelegate.swift; sourceTree = "<group>"; };
		DD33AA6022F1CF270019819B /* SceneDelegate.swift */ = {isa = PBXFileReference; lastKnownFileType = sourcecode.swift; path = SceneDelegate.swift; sourceTree = "<group>"; };
		DD33AA6222F1CF270019819B /* ViewController.swift */ = {isa = PBXFileReference; lastKnownFileType = sourcecode.swift; path = ViewController.swift; sourceTree = "<group>"; };
		DD33AA6522F1CF270019819B /* Base */ = {isa = PBXFileReference; lastKnownFileType = file.storyboard; name = Base; path = Base.lproj/Main.storyboard; sourceTree = "<group>"; };
		DD33AA6722F1CF280019819B /* Assets.xcassets */ = {isa = PBXFileReference; lastKnownFileType = folder.assetcatalog; path = Assets.xcassets; sourceTree = "<group>"; };
		DD33AA6A22F1CF280019819B /* Base */ = {isa = PBXFileReference; lastKnownFileType = file.storyboard; name = Base; path = Base.lproj/LaunchScreen.storyboard; sourceTree = "<group>"; };
		DD33AA6C22F1CF280019819B /* Info.plist */ = {isa = PBXFileReference; lastKnownFileType = text.plist.xml; path = Info.plist; sourceTree = "<group>"; };
		DD33AA7222F2FC3F0019819B /* NetworkAPI.swift */ = {isa = PBXFileReference; lastKnownFileType = sourcecode.swift; path = NetworkAPI.swift; sourceTree = "<group>"; };
		DD33AA7722F2FC8B0019819B /* APIConfig.swift */ = {isa = PBXFileReference; lastKnownFileType = sourcecode.swift; path = APIConfig.swift; sourceTree = "<group>"; };
		DD33AA7A22F304080019819B /* CombineLatestVC.swift */ = {isa = PBXFileReference; lastKnownFileType = sourcecode.swift; path = CombineLatestVC.swift; sourceTree = "<group>"; };
		DD33AA7C22F376BE0019819B /* FindUserServiceAPI.swift */ = {isa = PBXFileReference; lastKnownFileType = sourcecode.swift; path = FindUserServiceAPI.swift; sourceTree = "<group>"; };
		DD33AA7E22F37AB70019819B /* SignUpUserViewController.swift */ = {isa = PBXFileReference; lastKnownFileType = sourcecode.swift; path = SignUpUserViewController.swift; sourceTree = "<group>"; };
		DD33AA8022F37ADD0019819B /* SignUpViewModel.swift */ = {isa = PBXFileReference; lastKnownFileType = sourcecode.swift; path = SignUpViewModel.swift; sourceTree = "<group>"; };
		DD33AA8322F380260019819B /* FindUserModel.swift */ = {isa = PBXFileReference; lastKnownFileType = sourcecode.swift; path = FindUserModel.swift; sourceTree = "<group>"; };
/* End PBXFileReference section */

/* Begin PBXFrameworksBuildPhase section */
		DD33AA5822F1CF270019819B /* Frameworks */ = {
			isa = PBXFrameworksBuildPhase;
			buildActionMask = 2147483647;
			files = (
				816555D7C1C53811C2D66620 /* Pods_CombineTestProject.framework in Frameworks */,
			);
			runOnlyForDeploymentPostprocessing = 0;
		};
/* End PBXFrameworksBuildPhase section */

/* Begin PBXGroup section */
		411FC90E0F99D8E6648A9EFE /* Frameworks */ = {
			isa = PBXGroup;
			children = (
				BB21D41D547EEC9ABC951CAF /* Pods_CombineTestProject.framework */,
			);
			name = Frameworks;
			sourceTree = "<group>";
		};
		D27842602103D0F881D8EE8D /* Pods */ = {
			isa = PBXGroup;
			children = (
				33A497D2C45F7D496F777EB5 /* Pods-CombineTestProject.debug.xcconfig */,
				5386D674CE6ABD0F92D60834 /* Pods-CombineTestProject.release.xcconfig */,
			);
			name = Pods;
			sourceTree = "<group>";
		};
		DD2D508422F80A3F00DA8FF8 /* MVVMSample */ = {
			isa = PBXGroup;
			children = (
				DD2D508522F80A6400DA8FF8 /* MVVMSampleVM.swift */,
				DD2D508722F80A7A00DA8FF8 /* MVVMSampleVC.swift */,
			);
			path = MVVMSample;
			sourceTree = "<group>";
		};
		DD33AA5222F1CF270019819B = {
			isa = PBXGroup;
			children = (
				DD33AA5D22F1CF270019819B /* CombineTestProject */,
				DD33AA5C22F1CF270019819B /* Products */,
				D27842602103D0F881D8EE8D /* Pods */,
				411FC90E0F99D8E6648A9EFE /* Frameworks */,
			);
			sourceTree = "<group>";
		};
		DD33AA5C22F1CF270019819B /* Products */ = {
			isa = PBXGroup;
			children = (
				DD33AA5B22F1CF270019819B /* CombineTestProject.app */,
			);
			name = Products;
			sourceTree = "<group>";
		};
		DD33AA5D22F1CF270019819B /* CombineTestProject */ = {
			isa = PBXGroup;
			children = (
				DD33AA7922F303C80019819B /* Controller */,
				DD33AA7422F2FC510019819B /* NetworkAPI */,
				DD33AA5E22F1CF270019819B /* AppDelegate.swift */,
				DD33AA6022F1CF270019819B /* SceneDelegate.swift */,
				DD33AA6222F1CF270019819B /* ViewController.swift */,
				DD33AA6422F1CF270019819B /* Main.storyboard */,
				DD33AA6722F1CF280019819B /* Assets.xcassets */,
				DD33AA6922F1CF280019819B /* LaunchScreen.storyboard */,
				DD33AA6C22F1CF280019819B /* Info.plist */,
			);
			path = CombineTestProject;
			sourceTree = "<group>";
		};
		DD33AA7422F2FC510019819B /* NetworkAPI */ = {
			isa = PBXGroup;
			children = (
				DD33AA7222F2FC3F0019819B /* NetworkAPI.swift */,
				DD33AA7722F2FC8B0019819B /* APIConfig.swift */,
				DD33AA7C22F376BE0019819B /* FindUserServiceAPI.swift */,
			);
			path = NetworkAPI;
			sourceTree = "<group>";
		};
		DD33AA7922F303C80019819B /* Controller */ = {
			isa = PBXGroup;
			children = (
				DD2D508422F80A3F00DA8FF8 /* MVVMSample */,
				DD33AA7A22F304080019819B /* CombineLatestVC.swift */,
				DD33AA8222F380110019819B /* SignUp */,
			);
			path = Controller;
			sourceTree = "<group>";
		};
		DD33AA8222F380110019819B /* SignUp */ = {
			isa = PBXGroup;
			children = (
				DD33AA7E22F37AB70019819B /* SignUpUserViewController.swift */,
				DD33AA8022F37ADD0019819B /* SignUpViewModel.swift */,
				DD33AA8322F380260019819B /* FindUserModel.swift */,
			);
			path = SignUp;
			sourceTree = "<group>";
		};
/* End PBXGroup section */

/* Begin PBXNativeTarget section */
		DD33AA5A22F1CF270019819B /* CombineTestProject */ = {
			isa = PBXNativeTarget;
			buildConfigurationList = DD33AA6F22F1CF280019819B /* Build configuration list for PBXNativeTarget "CombineTestProject" */;
			buildPhases = (
				EE0FE975F8099C9CBE39287A /* [CP] Check Pods Manifest.lock */,
				DD33AA5722F1CF270019819B /* Sources */,
				DD33AA5822F1CF270019819B /* Frameworks */,
				DD33AA5922F1CF270019819B /* Resources */,
				F7A9CC6B79072F128083D8E4 /* [CP] Embed Pods Frameworks */,
			);
			buildRules = (
			);
			dependencies = (
			);
			name = CombineTestProject;
			productName = CombineTestProject;
			productReference = DD33AA5B22F1CF270019819B /* CombineTestProject.app */;
			productType = "com.apple.product-type.application";
		};
/* End PBXNativeTarget section */

/* Begin PBXProject section */
		DD33AA5322F1CF270019819B /* Project object */ = {
			isa = PBXProject;
			attributes = {
				LastSwiftUpdateCheck = 1100;
				LastUpgradeCheck = 1100;
				ORGANIZATIONNAME = Tintash;
				TargetAttributes = {
					DD33AA5A22F1CF270019819B = {
						CreatedOnToolsVersion = 11.0;
					};
				};
			};
			buildConfigurationList = DD33AA5622F1CF270019819B /* Build configuration list for PBXProject "CombineTestProject" */;
			compatibilityVersion = "Xcode 9.3";
			developmentRegion = en;
			hasScannedForEncodings = 0;
			knownRegions = (
				en,
				Base,
			);
			mainGroup = DD33AA5222F1CF270019819B;
			productRefGroup = DD33AA5C22F1CF270019819B /* Products */;
			projectDirPath = "";
			projectRoot = "";
			targets = (
				DD33AA5A22F1CF270019819B /* CombineTestProject */,
			);
		};
/* End PBXProject section */

/* Begin PBXResourcesBuildPhase section */
		DD33AA5922F1CF270019819B /* Resources */ = {
			isa = PBXResourcesBuildPhase;
			buildActionMask = 2147483647;
			files = (
				DD33AA6B22F1CF280019819B /* LaunchScreen.storyboard in Resources */,
				DD33AA6822F1CF280019819B /* Assets.xcassets in Resources */,
				DD33AA6622F1CF270019819B /* Main.storyboard in Resources */,
			);
			runOnlyForDeploymentPostprocessing = 0;
		};
/* End PBXResourcesBuildPhase section */

/* Begin PBXShellScriptBuildPhase section */
		EE0FE975F8099C9CBE39287A /* [CP] Check Pods Manifest.lock */ = {
			isa = PBXShellScriptBuildPhase;
			buildActionMask = 2147483647;
			files = (
			);
			inputFileListPaths = (
			);
			inputPaths = (
				"${PODS_PODFILE_DIR_PATH}/Podfile.lock",
				"${PODS_ROOT}/Manifest.lock",
			);
			name = "[CP] Check Pods Manifest.lock";
			outputFileListPaths = (
			);
			outputPaths = (
				"$(DERIVED_FILE_DIR)/Pods-CombineTestProject-checkManifestLockResult.txt",
			);
			runOnlyForDeploymentPostprocessing = 0;
			shellPath = /bin/sh;
			shellScript = "diff \"${PODS_PODFILE_DIR_PATH}/Podfile.lock\" \"${PODS_ROOT}/Manifest.lock\" > /dev/null\nif [ $? != 0 ] ; then\n    # print error to STDERR\n    echo \"error: The sandbox is not in sync with the Podfile.lock. Run 'pod install' or update your CocoaPods installation.\" >&2\n    exit 1\nfi\n# This output is used by Xcode 'outputs' to avoid re-running this script phase.\necho \"SUCCESS\" > \"${SCRIPT_OUTPUT_FILE_0}\"\n";
			showEnvVarsInLog = 0;
		};
		F7A9CC6B79072F128083D8E4 /* [CP] Embed Pods Frameworks */ = {
			isa = PBXShellScriptBuildPhase;
			buildActionMask = 2147483647;
			files = (
			);
			inputFileListPaths = (
			);
			inputPaths = (
				"${SRCROOT}/Pods/Target Support Files/Pods-CombineTestProject/Pods-CombineTestProject-frameworks.sh",
				"${BUILT_PRODUCTS_DIR}/Alamofire/Alamofire.framework",
			);
			name = "[CP] Embed Pods Frameworks";
			outputFileListPaths = (
			);
			outputPaths = (
				"${TARGET_BUILD_DIR}/${FRAMEWORKS_FOLDER_PATH}/Alamofire.framework",
			);
			runOnlyForDeploymentPostprocessing = 0;
			shellPath = /bin/sh;
			shellScript = "\"${SRCROOT}/Pods/Target Support Files/Pods-CombineTestProject/Pods-CombineTestProject-frameworks.sh\"\n";
			showEnvVarsInLog = 0;
		};
/* End PBXShellScriptBuildPhase section */

/* Begin PBXSourcesBuildPhase section */
		DD33AA5722F1CF270019819B /* Sources */ = {
			isa = PBXSourcesBuildPhase;
			buildActionMask = 2147483647;
			files = (
				DD33AA6322F1CF270019819B /* ViewController.swift in Sources */,
				DD33AA8422F380260019819B /* FindUserModel.swift in Sources */,
				DD33AA5F22F1CF270019819B /* AppDelegate.swift in Sources */,
				DD33AA6122F1CF270019819B /* SceneDelegate.swift in Sources */,
				DD33AA7322F2FC3F0019819B /* NetworkAPI.swift in Sources */,
				DD33AA8122F37ADD0019819B /* SignUpViewModel.swift in Sources */,
				DD33AA7D22F376BE0019819B /* FindUserServiceAPI.swift in Sources */,
				DD33AA7F22F37AB70019819B /* SignUpUserViewController.swift in Sources */,
				DD2D508622F80A6400DA8FF8 /* MVVMSampleVM.swift in Sources */,
				DD33AA7B22F304080019819B /* CombineLatestVC.swift in Sources */,
				DD2D508822F80A7A00DA8FF8 /* MVVMSampleVC.swift in Sources */,
				DD33AA7822F2FC8B0019819B /* APIConfig.swift in Sources */,
			);
			runOnlyForDeploymentPostprocessing = 0;
		};
/* End PBXSourcesBuildPhase section */

/* Begin PBXVariantGroup section */
		DD33AA6422F1CF270019819B /* Main.storyboard */ = {
			isa = PBXVariantGroup;
			children = (
				DD33AA6522F1CF270019819B /* Base */,
			);
			name = Main.storyboard;
			sourceTree = "<group>";
		};
		DD33AA6922F1CF280019819B /* LaunchScreen.storyboard */ = {
			isa = PBXVariantGroup;
			children = (
				DD33AA6A22F1CF280019819B /* Base */,
			);
			name = LaunchScreen.storyboard;
			sourceTree = "<group>";
		};
/* End PBXVariantGroup section */

/* Begin XCBuildConfiguration section */
		DD33AA6D22F1CF280019819B /* Debug */ = {
			isa = XCBuildConfiguration;
			buildSettings = {
				ALWAYS_SEARCH_USER_PATHS = NO;
				CLANG_ANALYZER_NONNULL = YES;
				CLANG_ANALYZER_NUMBER_OBJECT_CONVERSION = YES_AGGRESSIVE;
				CLANG_CXX_LANGUAGE_STANDARD = "gnu++14";
				CLANG_CXX_LIBRARY = "libc++";
				CLANG_ENABLE_MODULES = YES;
				CLANG_ENABLE_OBJC_ARC = YES;
				CLANG_ENABLE_OBJC_WEAK = YES;
				CLANG_WARN_BLOCK_CAPTURE_AUTORELEASING = YES;
				CLANG_WARN_BOOL_CONVERSION = YES;
				CLANG_WARN_COMMA = YES;
				CLANG_WARN_CONSTANT_CONVERSION = YES;
				CLANG_WARN_DEPRECATED_OBJC_IMPLEMENTATIONS = YES;
				CLANG_WARN_DIRECT_OBJC_ISA_USAGE = YES_ERROR;
				CLANG_WARN_DOCUMENTATION_COMMENTS = YES;
				CLANG_WARN_EMPTY_BODY = YES;
				CLANG_WARN_ENUM_CONVERSION = YES;
				CLANG_WARN_INFINITE_RECURSION = YES;
				CLANG_WARN_INT_CONVERSION = YES;
				CLANG_WARN_NON_LITERAL_NULL_CONVERSION = YES;
				CLANG_WARN_OBJC_IMPLICIT_RETAIN_SELF = YES;
				CLANG_WARN_OBJC_LITERAL_CONVERSION = YES;
				CLANG_WARN_OBJC_ROOT_CLASS = YES_ERROR;
				CLANG_WARN_RANGE_LOOP_ANALYSIS = YES;
				CLANG_WARN_STRICT_PROTOTYPES = YES;
				CLANG_WARN_SUSPICIOUS_MOVE = YES;
				CLANG_WARN_UNGUARDED_AVAILABILITY = YES_AGGRESSIVE;
				CLANG_WARN_UNREACHABLE_CODE = YES;
				CLANG_WARN__DUPLICATE_METHOD_MATCH = YES;
				COPY_PHASE_STRIP = NO;
				DEBUG_INFORMATION_FORMAT = dwarf;
				ENABLE_STRICT_OBJC_MSGSEND = YES;
				ENABLE_TESTABILITY = YES;
				GCC_C_LANGUAGE_STANDARD = gnu11;
				GCC_DYNAMIC_NO_PIC = NO;
				GCC_NO_COMMON_BLOCKS = YES;
				GCC_OPTIMIZATION_LEVEL = 0;
				GCC_PREPROCESSOR_DEFINITIONS = (
					"DEBUG=1",
					"$(inherited)",
				);
				GCC_WARN_64_TO_32_BIT_CONVERSION = YES;
				GCC_WARN_ABOUT_RETURN_TYPE = YES_ERROR;
				GCC_WARN_UNDECLARED_SELECTOR = YES;
				GCC_WARN_UNINITIALIZED_AUTOS = YES_AGGRESSIVE;
				GCC_WARN_UNUSED_FUNCTION = YES;
				GCC_WARN_UNUSED_VARIABLE = YES;
				IPHONEOS_DEPLOYMENT_TARGET = 13.0;
				MTL_ENABLE_DEBUG_INFO = INCLUDE_SOURCE;
				MTL_FAST_MATH = YES;
				ONLY_ACTIVE_ARCH = YES;
				SDKROOT = iphoneos;
				SWIFT_ACTIVE_COMPILATION_CONDITIONS = DEBUG;
				SWIFT_OPTIMIZATION_LEVEL = "-Onone";
			};
			name = Debug;
		};
		DD33AA6E22F1CF280019819B /* Release */ = {
			isa = XCBuildConfiguration;
			buildSettings = {
				ALWAYS_SEARCH_USER_PATHS = NO;
				CLANG_ANALYZER_NONNULL = YES;
				CLANG_ANALYZER_NUMBER_OBJECT_CONVERSION = YES_AGGRESSIVE;
				CLANG_CXX_LANGUAGE_STANDARD = "gnu++14";
				CLANG_CXX_LIBRARY = "libc++";
				CLANG_ENABLE_MODULES = YES;
				CLANG_ENABLE_OBJC_ARC = YES;
				CLANG_ENABLE_OBJC_WEAK = YES;
				CLANG_WARN_BLOCK_CAPTURE_AUTORELEASING = YES;
				CLANG_WARN_BOOL_CONVERSION = YES;
				CLANG_WARN_COMMA = YES;
				CLANG_WARN_CONSTANT_CONVERSION = YES;
				CLANG_WARN_DEPRECATED_OBJC_IMPLEMENTATIONS = YES;
				CLANG_WARN_DIRECT_OBJC_ISA_USAGE = YES_ERROR;
				CLANG_WARN_DOCUMENTATION_COMMENTS = YES;
				CLANG_WARN_EMPTY_BODY = YES;
				CLANG_WARN_ENUM_CONVERSION = YES;
				CLANG_WARN_INFINITE_RECURSION = YES;
				CLANG_WARN_INT_CONVERSION = YES;
				CLANG_WARN_NON_LITERAL_NULL_CONVERSION = YES;
				CLANG_WARN_OBJC_IMPLICIT_RETAIN_SELF = YES;
				CLANG_WARN_OBJC_LITERAL_CONVERSION = YES;
				CLANG_WARN_OBJC_ROOT_CLASS = YES_ERROR;
				CLANG_WARN_RANGE_LOOP_ANALYSIS = YES;
				CLANG_WARN_STRICT_PROTOTYPES = YES;
				CLANG_WARN_SUSPICIOUS_MOVE = YES;
				CLANG_WARN_UNGUARDED_AVAILABILITY = YES_AGGRESSIVE;
				CLANG_WARN_UNREACHABLE_CODE = YES;
				CLANG_WARN__DUPLICATE_METHOD_MATCH = YES;
				COPY_PHASE_STRIP = NO;
				DEBUG_INFORMATION_FORMAT = "dwarf-with-dsym";
				ENABLE_NS_ASSERTIONS = NO;
				ENABLE_STRICT_OBJC_MSGSEND = YES;
				GCC_C_LANGUAGE_STANDARD = gnu11;
				GCC_NO_COMMON_BLOCKS = YES;
				GCC_WARN_64_TO_32_BIT_CONVERSION = YES;
				GCC_WARN_ABOUT_RETURN_TYPE = YES_ERROR;
				GCC_WARN_UNDECLARED_SELECTOR = YES;
				GCC_WARN_UNINITIALIZED_AUTOS = YES_AGGRESSIVE;
				GCC_WARN_UNUSED_FUNCTION = YES;
				GCC_WARN_UNUSED_VARIABLE = YES;
				IPHONEOS_DEPLOYMENT_TARGET = 13.0;
				MTL_ENABLE_DEBUG_INFO = NO;
				MTL_FAST_MATH = YES;
				SDKROOT = iphoneos;
				SWIFT_COMPILATION_MODE = wholemodule;
				SWIFT_OPTIMIZATION_LEVEL = "-O";
				VALIDATE_PRODUCT = YES;
			};
			name = Release;
		};
		DD33AA7022F1CF280019819B /* Debug */ = {
			isa = XCBuildConfiguration;
			baseConfigurationReference = 33A497D2C45F7D496F777EB5 /* Pods-CombineTestProject.debug.xcconfig */;
			buildSettings = {
				ASSETCATALOG_COMPILER_APPICON_NAME = AppIcon;
				CODE_SIGN_STYLE = Automatic;
				DEVELOPMENT_TEAM = 2UKB93VB8Y;
				INFOPLIST_FILE = CombineTestProject/Info.plist;
				IPHONEOS_DEPLOYMENT_TARGET = 13.0;
				LD_RUNPATH_SEARCH_PATHS = (
					"$(inherited)",
					"@executable_path/Frameworks",
				);
				PRODUCT_BUNDLE_IDENTIFIER = com.tintash.CombineTestProject;
				PRODUCT_NAME = "$(TARGET_NAME)";
				SWIFT_VERSION = 5.0;
				TARGETED_DEVICE_FAMILY = "1,2";
			};
			name = Debug;
		};
		DD33AA7122F1CF280019819B /* Release */ = {
			isa = XCBuildConfiguration;
			baseConfigurationReference = 5386D674CE6ABD0F92D60834 /* Pods-CombineTestProject.release.xcconfig */;
			buildSettings = {
				ASSETCATALOG_COMPILER_APPICON_NAME = AppIcon;
				CODE_SIGN_STYLE = Automatic;
				DEVELOPMENT_TEAM = 2UKB93VB8Y;
				INFOPLIST_FILE = CombineTestProject/Info.plist;
				IPHONEOS_DEPLOYMENT_TARGET = 13.0;
				LD_RUNPATH_SEARCH_PATHS = (
					"$(inherited)",
					"@executable_path/Frameworks",
				);
				PRODUCT_BUNDLE_IDENTIFIER = com.tintash.CombineTestProject;
				PRODUCT_NAME = "$(TARGET_NAME)";
				SWIFT_VERSION = 5.0;
				TARGETED_DEVICE_FAMILY = "1,2";
			};
			name = Release;
		};
/* End XCBuildConfiguration section */

/* Begin XCConfigurationList section */
		DD33AA5622F1CF270019819B /* Build configuration list for PBXProject "CombineTestProject" */ = {
			isa = XCConfigurationList;
			buildConfigurations = (
				DD33AA6D22F1CF280019819B /* Debug */,
				DD33AA6E22F1CF280019819B /* Release */,
			);
			defaultConfigurationIsVisible = 0;
			defaultConfigurationName = Release;
		};
		DD33AA6F22F1CF280019819B /* Build configuration list for PBXNativeTarget "CombineTestProject" */ = {
			isa = XCConfigurationList;
			buildConfigurations = (
				DD33AA7022F1CF280019819B /* Debug */,
				DD33AA7122F1CF280019819B /* Release */,
			);
			defaultConfigurationIsVisible = 0;
			defaultConfigurationName = Release;
		};
/* End XCConfigurationList section */
	};
	rootObject = DD33AA5322F1CF270019819B /* Project object */;
}
